
Microsoft Visual Studio Solution File, Format Version 12.00
# Visual Studio 2012
Project("{8BC9CEB8-8B4A-11D0-8D11-00A0C91BC942}") = "build_all.11", "src\win32\WIN32-Prj\build_all.11.vcxproj", "{9CAB8EE0-4C50-162E-487F-851F10319640}"
	ProjectSection(ProjectDependencies) = postProject
		{58DEC737-3D44-45C4-7F4B-FAE1AE6F12E6} = {58DEC737-3D44-45C4-7F4B-FAE1AE6F12E6}
		{D5A3AD95-2133-53D1-BC8E-76CC87CA57F7} = {D5A3AD95-2133-53D1-BC8E-76CC87CA57F7}
		{C5060B7A-F0FE-4881-AB58-764F23B454EA} = {C5060B7A-F0FE-4881-AB58-764F23B454EA}
		{7950333E-8DDE-2FBA-E4BE-AE206EA94726} = {7950333E-8DDE-2FBA-E4BE-AE206EA94726}
		{37A9F3C8-71FF-D757-F52F-AF220668EF60} = {37A9F3C8-71FF-D757-F52F-AF220668EF60}
	EndProjectSection
EndProject
Project("{8BC9CEB8-8B4A-11D0-8D11-00A0C91BC942}") = "dynamic_preprocessors.11", "src\dynamic-preprocessors\dynamic_preprocessors.11.vcxproj", "{58DEC737-3D44-45C4-7F4B-FAE1AE6F12E6}"
	ProjectSection(ProjectDependencies) = postProject
		{CFC0A342-C7AF-DE7F-EDF2-A049608B597C} = {CFC0A342-C7AF-DE7F-EDF2-A049608B597C}
		{740682C0-E377-3311-F06E-C22D625D9804} = {740682C0-E377-3311-F06E-C22D625D9804}
		{BDE0C931-493C-7349-D3FF-5EC48EF999AA} = {BDE0C931-493C-7349-D3FF-5EC48EF999AA}
		{ADF48C52-49CD-371F-F729-A9A344319FB7} = {ADF48C52-49CD-371F-F729-A9A344319FB7}
		{7236457F-9159-F07E-E940-02E3C310A425} = {7236457F-9159-F07E-E940-02E3C310A425}
		{3A37687D-7306-0064-17A7-0496FFE01DF1} = {3A37687D-7306-0064-17A7-0496FFE01DF1}
		{B4840AC6-A5A0-0978-32B3-847656BE5841} = {B4840AC6-A5A0-0978-32B3-847656BE5841}
		{5BB80C1F-AC4A-AF0B-C026-6410D653D417} = {5BB80C1F-AC4A-AF0B-C026-6410D653D417}
		{EDD643FB-CD3F-0BFF-336D-51E29001935B} = {EDD643FB-CD3F-0BFF-336D-51E29001935B}
		{1E3EC446-9918-6BF7-B834-F2AA1175EA94} = {1E3EC446-9918-6BF7-B834-F2AA1175EA94}
		{DDCCF157-928E-C5FB-5514-D1A025FCA510} = {DDCCF157-928E-C5FB-5514-D1A025FCA510}
		{15138E00-F002-236E-D646-077DFE2980AE} = {15138E00-F002-236E-D646-077DFE2980AE}
		{FE79A762-C966-9666-71A2-139F6F4B75FE} = {FE79A762-C966-9666-71A2-139F6F4B75FE}
	EndProjectSection
EndProject
Project("{8BC9CEB8-8B4A-11D0-8D11-00A0C91BC942}") = "sf_dce2.11", "src\dynamic-preprocessors\dcerpc2\sf_dce2.11.vcxproj", "{3A37687D-7306-0064-17A7-0496FFE01DF1}"
EndProject
Project("{8BC9CEB8-8B4A-11D0-8D11-00A0C91BC942}") = "sf_dnp3.11", "src\dynamic-preprocessors\dnp3\sf_dnp3.11.vcxproj", "{1E3EC446-9918-6BF7-B834-F2AA1175EA94}"
EndProject
Project("{8BC9CEB8-8B4A-11D0-8D11-00A0C91BC942}") = "sf_dns.11", "src\dynamic-preprocessors\dns\sf_dns.11.vcxproj", "{ADF48C52-49CD-371F-F729-A9A344319FB7}"
EndProject
Project("{8BC9CEB8-8B4A-11D0-8D11-00A0C91BC942}") = "sf_engine.11", "src\win32\WIN32-Prj\sf_engine.11.vcxproj", "{D5A3AD95-2133-53D1-BC8E-76CC87CA57F7}"
	ProjectSection(ProjectDependencies) = postProject
		{BE75CD3F-3460-F378-86B3-D214F2F6D24B} = {BE75CD3F-3460-F378-86B3-D214F2F6D24B}
	EndProjectSection
EndProject
Project("{8BC9CEB8-8B4A-11D0-8D11-00A0C91BC942}") = "sf_engine_initialize.11", "src\win32\WIN32-Prj\sf_engine_initialize.11.vcxproj", "{BE75CD3F-3460-F378-86B3-D214F2F6D24B}"
EndProject
Project("{8BC9CEB8-8B4A-11D0-8D11-00A0C91BC942}") = "sf_ftptelnet.11", "src\dynamic-preprocessors\ftptelnet\sf_ftptelnet.11.vcxproj", "{CFC0A342-C7AF-DE7F-EDF2-A049608B597C}"
EndProject
Project("{8BC9CEB8-8B4A-11D0-8D11-00A0C91BC942}") = "sf_gtp.11", "src\dynamic-preprocessors\gtp\sf_gtp.11.vcxproj", "{FE79A762-C966-9666-71A2-139F6F4B75FE}"
EndProject
Project("{8BC9CEB8-8B4A-11D0-8D11-00A0C91BC942}") = "sf_imap.11", "src\dynamic-preprocessors\imap\sf_imap.11.vcxproj", "{EDD643FB-CD3F-0BFF-336D-51E29001935B}"
EndProject
Project("{8BC9CEB8-8B4A-11D0-8D11-00A0C91BC942}") = "sf_modbus.11", "src\dynamic-preprocessors\modbus\sf_modbus.11.vcxproj", "{DDCCF157-928E-C5FB-5514-D1A025FCA510}"
EndProject
Project("{8BC9CEB8-8B4A-11D0-8D11-00A0C91BC942}") = "sf_reputation.11", "src\dynamic-preprocessors\reputation\sf_reputation.11.vcxproj", "{15138E00-F002-236E-D646-077DFE2980AE}"
EndProject
Project("{8BC9CEB8-8B4A-11D0-8D11-00A0C91BC942}") = "sf_sdf.11", "src\dynamic-preprocessors\sdf\sf_sdf.11.vcxproj", "{B4840AC6-A5A0-0978-32B3-847656BE5841}"
EndProject
Project("{8BC9CEB8-8B4A-11D0-8D11-00A0C91BC942}") = "sf_sip.11", "src\dynamic-preprocessors\sip\sf_sip.11.vcxproj", "{5BB80C1F-AC4A-AF0B-C026-6410D653D417}"
EndProject
Project("{8BC9CEB8-8B4A-11D0-8D11-00A0C91BC942}") = "sf_smtp.11", "src\dynamic-preprocessors\smtp\sf_smtp.11.vcxproj", "{740682C0-E377-3311-F06E-C22D625D9804}"
	ProjectSection(ProjectDependencies) = postProject
		{E4AF72C7-C380-6BF2-E832-485D24F0E657} = {E4AF72C7-C380-6BF2-E832-485D24F0E657}
	EndProjectSection
EndProject
Project("{8BC9CEB8-8B4A-11D0-8D11-00A0C91BC942}") = "sf_ssh.11", "src\dynamic-preprocessors\ssh\sf_ssh.11.vcxproj", "{BDE0C931-493C-7349-D3FF-5EC48EF999AA}"
EndProject
Project("{8BC9CEB8-8B4A-11D0-8D11-00A0C91BC942}") = "sf_ssl.11", "src\dynamic-preprocessors\ssl\sf_ssl.11.vcxproj", "{7236457F-9159-F07E-E940-02E3C310A425}"
	ProjectSection(ProjectDependencies) = postProject
		{E4AF72C7-C380-6BF2-E832-485D24F0E657} = {E4AF72C7-C380-6BF2-E832-485D24F0E657}
	EndProjectSection
EndProject
Project("{8BC9CEB8-8B4A-11D0-8D11-00A0C91BC942}") = "sfdynamic_preproc_libs.11", "src\dynamic-preprocessors\libs\sfdynamic_preproc_libs.11.vcxproj", "{E4AF72C7-C380-6BF2-E832-485D24F0E657}"
EndProject
Project("{8BC9CEB8-8B4A-11D0-8D11-00A0C91BC942}") = "snort.11", "src\win32\WIN32-Prj\snort.11.vcxproj", "{7950333E-8DDE-2FBA-E4BE-AE206EA94726}"
	ProjectSection(ProjectDependencies) = postProject
		{0141ED10-0B17-0C47-E25A-BD7D7C8F8225} = {0141ED10-0B17-0C47-E25A-BD7D7C8F8225}
	EndProjectSection
EndProject
Project("{8BC9CEB8-8B4A-11D0-8D11-00A0C91BC942}") = "snort_initialize.11", "src\win32\WIN32-Prj\snort_initialize.11.vcxproj", "{0141ED10-0B17-0C47-E25A-BD7D7C8F8225}"
EndProject
Project("{8BC9CEB8-8B4A-11D0-8D11-00A0C91BC942}") = "u2spewfoo.11", "tools\u2spewfoo\u2spewfoo.11.vcxproj", "{37A9F3C8-71FF-D757-F52F-AF220668EF60}"
EndProject
Project("{8BC9CEB8-8B4A-11D0-8D11-00A0C91BC942}") = "daq.11", "daq\daq.11.vcxproj", "{C5060B7A-F0FE-4881-AB58-764F23B454EA}"
EndProject
Project("{8BC9CEB8-8B4A-11D0-8D11-00A0C91BC942}") = "sf_dynamic_initialize.11", "src\dynamic-preprocessors\sf_dynamic_initialize\sf_dynamic_initialize.11.vcxproj", "{28C4B0A4-DD6B-4EA0-8FA9-5D17AF5B079F}"
EndProject
Project("{8BC9CEB8-8B4A-11D0-8D11-00A0C91BC942}") = "sf_pop.11", "src\dynamic-preprocessors\pop\sf_pop.11.vcxproj", "{20B7B3BC-9668-40D6-9C99-01E0894CCA3B}"
EndProject
Global
	GlobalSection(SolutionConfigurationPlatforms) = preSolution
		Debug|Win32 = Debug|Win32
		Release|Win32 = Release|Win32
		Template|Win32 = Template|Win32
	EndGlobalSection
	GlobalSection(ProjectConfigurationPlatforms) = postSolution
		{9CAB8EE0-4C50-162E-487F-851F10319640}.Debug|Win32.ActiveCfg = Debug|Win32
		{9CAB8EE0-4C50-162E-487F-851F10319640}.Debug|Win32.Build.0 = Debug|Win32
		{9CAB8EE0-4C50-162E-487F-851F10319640}.Release|Win32.ActiveCfg = Release|Win32
		{9CAB8EE0-4C50-162E-487F-851F10319640}.Release|Win32.Build.0 = Release|Win32
		{9CAB8EE0-4C50-162E-487F-851F10319640}.Template|Win32.ActiveCfg = Release|Win32
		{9CAB8EE0-4C50-162E-487F-851F10319640}.Template|Win32.Build.0 = Release|Win32
		{58DEC737-3D44-45C4-7F4B-FAE1AE6F12E6}.Debug|Win32.ActiveCfg = Debug|Win32
		{58DEC737-3D44-45C4-7F4B-FAE1AE6F12E6}.Debug|Win32.Build.0 = Debug|Win32
		{58DEC737-3D44-45C4-7F4B-FAE1AE6F12E6}.Release|Win32.ActiveCfg = Release|Win32
		{58DEC737-3D44-45C4-7F4B-FAE1AE6F12E6}.Release|Win32.Build.0 = Release|Win32
		{58DEC737-3D44-45C4-7F4B-FAE1AE6F12E6}.Template|Win32.ActiveCfg = Template|Win32
		{58DEC737-3D44-45C4-7F4B-FAE1AE6F12E6}.Template|Win32.Build.0 = Template|Win32
		{3A37687D-7306-0064-17A7-0496FFE01DF1}.Debug|Win32.ActiveCfg = Debug|Win32
		{3A37687D-7306-0064-17A7-0496FFE01DF1}.Debug|Win32.Build.0 = Debug|Win32
		{3A37687D-7306-0064-17A7-0496FFE01DF1}.Release|Win32.ActiveCfg = Release|Win32
		{3A37687D-7306-0064-17A7-0496FFE01DF1}.Release|Win32.Build.0 = Release|Win32
		{3A37687D-7306-0064-17A7-0496FFE01DF1}.Template|Win32.ActiveCfg = Template|Win32
		{3A37687D-7306-0064-17A7-0496FFE01DF1}.Template|Win32.Build.0 = Template|Win32
		{1E3EC446-9918-6BF7-B834-F2AA1175EA94}.Debug|Win32.ActiveCfg = Debug|Win32
		{1E3EC446-9918-6BF7-B834-F2AA1175EA94}.Debug|Win32.Build.0 = Debug|Win32
		{1E3EC446-9918-6BF7-B834-F2AA1175EA94}.Release|Win32.ActiveCfg = Release|Win32
		{1E3EC446-9918-6BF7-B834-F2AA1175EA94}.Release|Win32.Build.0 = Release|Win32
		{1E3EC446-9918-6BF7-B834-F2AA1175EA94}.Template|Win32.ActiveCfg = Template|Win32
		{1E3EC446-9918-6BF7-B834-F2AA1175EA94}.Template|Win32.Build.0 = Template|Win32
		{ADF48C52-49CD-371F-F729-A9A344319FB7}.Debug|Win32.ActiveCfg = Debug|Win32
		{ADF48C52-49CD-371F-F729-A9A344319FB7}.Debug|Win32.Build.0 = Debug|Win32
		{ADF48C52-49CD-371F-F729-A9A344319FB7}.Release|Win32.ActiveCfg = Release|Win32
		{ADF48C52-49CD-371F-F729-A9A344319FB7}.Release|Win32.Build.0 = Release|Win32
		{ADF48C52-49CD-371F-F729-A9A344319FB7}.Template|Win32.ActiveCfg = Template|Win32
		{ADF48C52-49CD-371F-F729-A9A344319FB7}.Template|Win32.Build.0 = Template|Win32
		{D5A3AD95-2133-53D1-BC8E-76CC87CA57F7}.Debug|Win32.ActiveCfg = Debug|Win32
		{D5A3AD95-2133-53D1-BC8E-76CC87CA57F7}.Debug|Win32.Build.0 = Debug|Win32
		{D5A3AD95-2133-53D1-BC8E-76CC87CA57F7}.Release|Win32.ActiveCfg = Release|Win32
		{D5A3AD95-2133-53D1-BC8E-76CC87CA57F7}.Release|Win32.Build.0 = Release|Win32
		{D5A3AD95-2133-53D1-BC8E-76CC87CA57F7}.Template|Win32.ActiveCfg = Template|Win32
		{D5A3AD95-2133-53D1-BC8E-76CC87CA57F7}.Template|Win32.Build.0 = Template|Win32
		{BE75CD3F-3460-F378-86B3-D214F2F6D24B}.Debug|Win32.ActiveCfg = Debug|Win32
		{BE75CD3F-3460-F378-86B3-D214F2F6D24B}.Debug|Win32.Build.0 = Debug|Win32
		{BE75CD3F-3460-F378-86B3-D214F2F6D24B}.Release|Win32.ActiveCfg = Release|Win32
		{BE75CD3F-3460-F378-86B3-D214F2F6D24B}.Release|Win32.Build.0 = Release|Win32
		{BE75CD3F-3460-F378-86B3-D214F2F6D24B}.Template|Win32.ActiveCfg = Template|Win32
		{BE75CD3F-3460-F378-86B3-D214F2F6D24B}.Template|Win32.Build.0 = Template|Win32
		{CFC0A342-C7AF-DE7F-EDF2-A049608B597C}.Debug|Win32.ActiveCfg = Debug|Win32
		{CFC0A342-C7AF-DE7F-EDF2-A049608B597C}.Debug|Win32.Build.0 = Debug|Win32
		{CFC0A342-C7AF-DE7F-EDF2-A049608B597C}.Release|Win32.ActiveCfg = Release|Win32
		{CFC0A342-C7AF-DE7F-EDF2-A049608B597C}.Release|Win32.Build.0 = Release|Win32
		{CFC0A342-C7AF-DE7F-EDF2-A049608B597C}.Template|Win32.ActiveCfg = Template|Win32
		{CFC0A342-C7AF-DE7F-EDF2-A049608B597C}.Template|Win32.Build.0 = Template|Win32
		{FE79A762-C966-9666-71A2-139F6F4B75FE}.Debug|Win32.ActiveCfg = Debug|Win32
		{FE79A762-C966-9666-71A2-139F6F4B75FE}.Debug|Win32.Build.0 = Debug|Win32
		{FE79A762-C966-9666-71A2-139F6F4B75FE}.Release|Win32.ActiveCfg = Release|Win32
		{FE79A762-C966-9666-71A2-139F6F4B75FE}.Release|Win32.Build.0 = Release|Win32
		{FE79A762-C966-9666-71A2-139F6F4B75FE}.Template|Win32.ActiveCfg = Template|Win32
		{FE79A762-C966-9666-71A2-139F6F4B75FE}.Template|Win32.Build.0 = Template|Win32
		{EDD643FB-CD3F-0BFF-336D-51E29001935B}.Debug|Win32.ActiveCfg = Debug|Win32
		{EDD643FB-CD3F-0BFF-336D-51E29001935B}.Debug|Win32.Build.0 = Debug|Win32
		{EDD643FB-CD3F-0BFF-336D-51E29001935B}.Release|Win32.ActiveCfg = Release|Win32
		{EDD643FB-CD3F-0BFF-336D-51E29001935B}.Release|Win32.Build.0 = Release|Win32
		{EDD643FB-CD3F-0BFF-336D-51E29001935B}.Template|Win32.ActiveCfg = Template|Win32
		{EDD643FB-CD3F-0BFF-336D-51E29001935B}.Template|Win32.Build.0 = Template|Win32
		{DDCCF157-928E-C5FB-5514-D1A025FCA510}.Debug|Win32.ActiveCfg = Debug|Win32
		{DDCCF157-928E-C5FB-5514-D1A025FCA510}.Debug|Win32.Build.0 = Debug|Win32
		{DDCCF157-928E-C5FB-5514-D1A025FCA510}.Release|Win32.ActiveCfg = Release|Win32
		{DDCCF157-928E-C5FB-5514-D1A025FCA510}.Release|Win32.Build.0 = Release|Win32
		{DDCCF157-928E-C5FB-5514-D1A025FCA510}.Template|Win32.ActiveCfg = Template|Win32
		{DDCCF157-928E-C5FB-5514-D1A025FCA510}.Template|Win32.Build.0 = Template|Win32
		{15138E00-F002-236E-D646-077DFE2980AE}.Debug|Win32.ActiveCfg = Debug|Win32
		{15138E00-F002-236E-D646-077DFE2980AE}.Debug|Win32.Build.0 = Debug|Win32
		{15138E00-F002-236E-D646-077DFE2980AE}.Release|Win32.ActiveCfg = Release|Win32
		{15138E00-F002-236E-D646-077DFE2980AE}.Release|Win32.Build.0 = Release|Win32
		{15138E00-F002-236E-D646-077DFE2980AE}.Template|Win32.ActiveCfg = Template|Win32
		{15138E00-F002-236E-D646-077DFE2980AE}.Template|Win32.Build.0 = Template|Win32
		{B4840AC6-A5A0-0978-32B3-847656BE5841}.Debug|Win32.ActiveCfg = Debug|Win32
		{B4840AC6-A5A0-0978-32B3-847656BE5841}.Debug|Win32.Build.0 = Debug|Win32
		{B4840AC6-A5A0-0978-32B3-847656BE5841}.Release|Win32.ActiveCfg = Release|Win32
		{B4840AC6-A5A0-0978-32B3-847656BE5841}.Release|Win32.Build.0 = Release|Win32
		{B4840AC6-A5A0-0978-32B3-847656BE5841}.Template|Win32.ActiveCfg = Template|Win32
		{B4840AC6-A5A0-0978-32B3-847656BE5841}.Template|Win32.Build.0 = Template|Win32
		{5BB80C1F-AC4A-AF0B-C026-6410D653D417}.Debug|Win32.ActiveCfg = Debug|Win32
		{5BB80C1F-AC4A-AF0B-C026-6410D653D417}.Debug|Win32.Build.0 = Debug|Win32
		{5BB80C1F-AC4A-AF0B-C026-6410D653D417}.Release|Win32.ActiveCfg = Release|Win32
		{5BB80C1F-AC4A-AF0B-C026-6410D653D417}.Release|Win32.Build.0 = Release|Win32
		{5BB80C1F-AC4A-AF0B-C026-6410D653D417}.Template|Win32.ActiveCfg = Template|Win32
		{5BB80C1F-AC4A-AF0B-C026-6410D653D417}.Template|Win32.Build.0 = Template|Win32
		{740682C0-E377-3311-F06E-C22D625D9804}.Debug|Win32.ActiveCfg = Debug|Win32
		{740682C0-E377-3311-F06E-C22D625D9804}.Debug|Win32.Build.0 = Debug|Win32
		{740682C0-E377-3311-F06E-C22D625D9804}.Release|Win32.ActiveCfg = Release|Win32
		{740682C0-E377-3311-F06E-C22D625D9804}.Release|Win32.Build.0 = Release|Win32
		{740682C0-E377-3311-F06E-C22D625D9804}.Template|Win32.ActiveCfg = Template|Win32
		{740682C0-E377-3311-F06E-C22D625D9804}.Template|Win32.Build.0 = Template|Win32
		{BDE0C931-493C-7349-D3FF-5EC48EF999AA}.Debug|Win32.ActiveCfg = Debug|Win32
		{BDE0C931-493C-7349-D3FF-5EC48EF999AA}.Debug|Win32.Build.0 = Debug|Win32
		{BDE0C931-493C-7349-D3FF-5EC48EF999AA}.Release|Win32.ActiveCfg = Release|Win32
		{BDE0C931-493C-7349-D3FF-5EC48EF999AA}.Release|Win32.Build.0 = Release|Win32
		{BDE0C931-493C-7349-D3FF-5EC48EF999AA}.Template|Win32.ActiveCfg = Template|Win32
		{BDE0C931-493C-7349-D3FF-5EC48EF999AA}.Template|Win32.Build.0 = Template|Win32
		{7236457F-9159-F07E-E940-02E3C310A425}.Debug|Win32.ActiveCfg = Debug|Win32
		{7236457F-9159-F07E-E940-02E3C310A425}.Debug|Win32.Build.0 = Debug|Win32
		{7236457F-9159-F07E-E940-02E3C310A425}.Release|Win32.ActiveCfg = Release|Win32
		{7236457F-9159-F07E-E940-02E3C310A425}.Release|Win32.Build.0 = Release|Win32
		{7236457F-9159-F07E-E940-02E3C310A425}.Template|Win32.ActiveCfg = Template|Win32
		{7236457F-9159-F07E-E940-02E3C310A425}.Template|Win32.Build.0 = Template|Win32
		{E4AF72C7-C380-6BF2-E832-485D24F0E657}.Debug|Win32.ActiveCfg = Debug|Win32
		{E4AF72C7-C380-6BF2-E832-485D24F0E657}.Debug|Win32.Build.0 = Debug|Win32
		{E4AF72C7-C380-6BF2-E832-485D24F0E657}.Release|Win32.ActiveCfg = Release|Win32
		{E4AF72C7-C380-6BF2-E832-485D24F0E657}.Release|Win32.Build.0 = Release|Win32
		{E4AF72C7-C380-6BF2-E832-485D24F0E657}.Template|Win32.ActiveCfg = Template|Win32
		{E4AF72C7-C380-6BF2-E832-485D24F0E657}.Template|Win32.Build.0 = Template|Win32
		{7950333E-8DDE-2FBA-E4BE-AE206EA94726}.Debug|Win32.ActiveCfg = Debug|Win32
		{7950333E-8DDE-2FBA-E4BE-AE206EA94726}.Debug|Win32.Build.0 = Debug|Win32
		{7950333E-8DDE-2FBA-E4BE-AE206EA94726}.Release|Win32.ActiveCfg = Release|Win32
		{7950333E-8DDE-2FBA-E4BE-AE206EA94726}.Release|Win32.Build.0 = Release|Win32
		{7950333E-8DDE-2FBA-E4BE-AE206EA94726}.Template|Win32.ActiveCfg = Template|Win32
		{7950333E-8DDE-2FBA-E4BE-AE206EA94726}.Template|Win32.Build.0 = Template|Win32
		{0141ED10-0B17-0C47-E25A-BD7D7C8F8225}.Debug|Win32.ActiveCfg = Debug|Win32
		{0141ED10-0B17-0C47-E25A-BD7D7C8F8225}.Debug|Win32.Build.0 = Debug|Win32
		{0141ED10-0B17-0C47-E25A-BD7D7C8F8225}.Release|Win32.ActiveCfg = Release|Win32
		{0141ED10-0B17-0C47-E25A-BD7D7C8F8225}.Release|Win32.Build.0 = Release|Win32
		{0141ED10-0B17-0C47-E25A-BD7D7C8F8225}.Template|Win32.ActiveCfg = Template|Win32
		{0141ED10-0B17-0C47-E25A-BD7D7C8F8225}.Template|Win32.Build.0 = Template|Win32
		{37A9F3C8-71FF-D757-F52F-AF220668EF60}.Debug|Win32.ActiveCfg = Debug|Win32
		{37A9F3C8-71FF-D757-F52F-AF220668EF60}.Debug|Win32.Build.0 = Debug|Win32
		{37A9F3C8-71FF-D757-F52F-AF220668EF60}.Release|Win32.ActiveCfg = Release|Win32
		{37A9F3C8-71FF-D757-F52F-AF220668EF60}.Release|Win32.Build.0 = Release|Win32
		{37A9F3C8-71FF-D757-F52F-AF220668EF60}.Template|Win32.ActiveCfg = Template|Win32
		{37A9F3C8-71FF-D757-F52F-AF220668EF60}.Template|Win32.Build.0 = Template|Win32
		{C5060B7A-F0FE-4881-AB58-764F23B454EA}.Debug|Win32.ActiveCfg = Debug|Win32
		{C5060B7A-F0FE-4881-AB58-764F23B454EA}.Debug|Win32.Build.0 = Debug|Win32
		{C5060B7A-F0FE-4881-AB58-764F23B454EA}.Release|Win32.ActiveCfg = Release|Win32
		{C5060B7A-F0FE-4881-AB58-764F23B454EA}.Release|Win32.Build.0 = Release|Win32
		{C5060B7A-F0FE-4881-AB58-764F23B454EA}.Template|Win32.ActiveCfg = Template|Win32
		{C5060B7A-F0FE-4881-AB58-764F23B454EA}.Template|Win32.Build.0 = Template|Win32
		{28C4B0A4-DD6B-4EA0-8FA9-5D17AF5B079F}.Debug|Win32.ActiveCfg = Debug|Win32
		{28C4B0A4-DD6B-4EA0-8FA9-5D17AF5B079F}.Debug|Win32.Build.0 = Debug|Win32
		{28C4B0A4-DD6B-4EA0-8FA9-5D17AF5B079F}.Release|Win32.ActiveCfg = Release|Win32
		{28C4B0A4-DD6B-4EA0-8FA9-5D17AF5B079F}.Release|Win32.Build.0 = Release|Win32
		{28C4B0A4-DD6B-4EA0-8FA9-5D17AF5B079F}.Template|Win32.ActiveCfg = Template|Win32
		{28C4B0A4-DD6B-4EA0-8FA9-5D17AF5B079F}.Template|Win32.Build.0 = Template|Win32
		{20B7B3BC-9668-40D6-9C99-01E0894CCA3B}.Debug|Win32.ActiveCfg = Debug|Win32
		{20B7B3BC-9668-40D6-9C99-01E0894CCA3B}.Debug|Win32.Build.0 = Debug|Win32
		{20B7B3BC-9668-40D6-9C99-01E0894CCA3B}.Release|Win32.ActiveCfg = Release|Win32
		{20B7B3BC-9668-40D6-9C99-01E0894CCA3B}.Release|Win32.Build.0 = Release|Win32
		{20B7B3BC-9668-40D6-9C99-01E0894CCA3B}.Template|Win32.ActiveCfg = Template|Win32
		{20B7B3BC-9668-40D6-9C99-01E0894CCA3B}.Template|Win32.Build.0 = Template|Win32
	EndGlobalSection
	GlobalSection(SolutionProperties) = preSolution
		HideSolutionNode = FALSE
	EndGlobalSection
EndGlobal
