<?xml version="1.0" encoding="utf-8"?>
<Project ToolsVersion="4.0" xmlns="http://schemas.microsoft.com/developer/msbuild/2003">
  <ItemGroup>
    <Filter Include="Source Files">
      <UniqueIdentifier>{68d526ff-8379-4c1e-b554-75ac17020b56}</UniqueIdentifier>
      <Extensions>cpp;c;cxx;rc;def;r;odl;idl;hpj;bat</Extensions>
    </Filter>
    <Filter Include="Header Files">
      <UniqueIdentifier>{463132c4-fc2e-4263-929a-32538cccf368}</UniqueIdentifier>
      <Extensions>h;hpp;hxx;hm;inl</Extensions>
    </Filter>
    <Filter Include="Resource Files">
      <UniqueIdentifier>{d50550fb-0268-46fa-a911-9c551b1b15de}</UniqueIdentifier>
      <Extensions>ico;cur;bmp;dlg;rc2;rct;bin;rgs;gif;jpg;jpeg;jpe</Extensions>
    </Filter>
  </ItemGroup>
  <ItemGroup>
    <ClCompile Include="modbus_decode.c">
      <Filter>Source Files</Filter>
    </ClCompile>
    <ClCompile Include="modbus_paf.c">
      <Filter>Source Files</Filter>
    </ClCompile>
    <ClCompile Include="modbus_roptions.c">
      <Filter>Source Files</Filter>
    </ClCompile>
    <ClCompile Include="..\include\sf_dynamic_preproc_lib.c">
      <Filter>Source Files</Filter>
    </ClCompile>
    <ClCompile Include="..\include\sfPolicyUserData.c">
      <Filter>Source Files</Filter>
    </ClCompile>
    <ClCompile Include="spp_modbus.c">
      <Filter>Source Files</Filter>
    </ClCompile>
    <ClCompile Include="..\include\strtok_r.c">
      <Filter>Source Files</Filter>
    </ClCompile>
  </ItemGroup>
  <ItemGroup>
    <ClInclude Include="modbus_decode.h">
      <Filter>Header Files</Filter>
    </ClInclude>
    <ClInclude Include="modbus_paf.h">
      <Filter>Header Files</Filter>
    </ClInclude>
    <ClInclude Include="modbus_roptions.h">
      <Filter>Header Files</Filter>
    </ClInclude>
    <ClInclude Include="sf_preproc_info.h">
      <Filter>Header Files</Filter>
    </ClInclude>
    <ClInclude Include="spp_modbus.h">
      <Filter>Header Files</Filter>
    </ClInclude>
  </ItemGroup>
</Project>