<?xml version="1.0" encoding="utf-8"?>
<Project ToolsVersion="4.0" xmlns="http://schemas.microsoft.com/developer/msbuild/2003">
  <ItemGroup>
    <Filter Include="Source Files">
      <UniqueIdentifier>{27f5269d-dd7e-4e0d-b76d-0deeeb55fe1f}</UniqueIdentifier>
      <Extensions>cpp;c;cxx;rc;def;r;odl;idl;hpj;bat</Extensions>
    </Filter>
    <Filter Include="Header Files">
      <UniqueIdentifier>{6f9ee8d8-6b45-4c02-adea-9f0e3f1c3479}</UniqueIdentifier>
      <Extensions>h;hpp;hxx;hm;inl</Extensions>
    </Filter>
    <Filter Include="Resource Files">
      <UniqueIdentifier>{610524ab-c4d2-4011-9cd8-0b62de661821}</UniqueIdentifier>
      <Extensions>ico;cur;bmp;dlg;rc2;rct;bin;rgs;gif;jpg;jpeg;jpe</Extensions>
    </Filter>
  </ItemGroup>
  <ItemGroup>
    <ClCompile Include="..\include\inet_aton.c">
      <Filter>Source Files</Filter>
    </ClCompile>
    <ClCompile Include="..\include\inet_pton.c">
      <Filter>Source Files</Filter>
    </ClCompile>
    <ClCompile Include="reputation_config.c">
      <Filter>Source Files</Filter>
    </ClCompile>
    <ClCompile Include="reputation_utils.c">
      <Filter>Source Files</Filter>
    </ClCompile>
    <ClCompile Include="..\include\segment_mem.c">
      <Filter>Source Files</Filter>
    </ClCompile>
    <ClCompile Include="..\include\sf_dynamic_preproc_lib.c">
      <Filter>Source Files</Filter>
    </ClCompile>
    <ClCompile Include="..\include\sf_ip.c">
      <Filter>Source Files</Filter>
    </ClCompile>
    <ClCompile Include="..\include\sfPolicyUserData.c">
      <Filter>Source Files</Filter>
    </ClCompile>
    <ClCompile Include="..\include\sfrt.c">
      <Filter>Source Files</Filter>
    </ClCompile>
    <ClCompile Include="..\include\sfrt_dir.c">
      <Filter>Source Files</Filter>
    </ClCompile>
    <ClCompile Include="..\include\sfrt_flat.c">
      <Filter>Source Files</Filter>
    </ClCompile>
    <ClCompile Include="..\include\sfrt_flat_dir.c">
      <Filter>Source Files</Filter>
    </ClCompile>
    <ClCompile Include="spp_reputation.c">
      <Filter>Source Files</Filter>
    </ClCompile>
    <ClCompile Include="..\include\strtok_r.c">
      <Filter>Source Files</Filter>
    </ClCompile>
  </ItemGroup>
  <ItemGroup>
    <ClInclude Include="reputation_config.h">
      <Filter>Header Files</Filter>
    </ClInclude>
    <ClInclude Include="reputation_debug.h">
      <Filter>Header Files</Filter>
    </ClInclude>
    <ClInclude Include="reputation_utils.h">
      <Filter>Header Files</Filter>
    </ClInclude>
    <ClInclude Include="..\include\segment_mem.h">
      <Filter>Header Files</Filter>
    </ClInclude>
    <ClInclude Include="sf_preproc_info.h">
      <Filter>Header Files</Filter>
    </ClInclude>
    <ClInclude Include="..\include\sfrt_flat.h">
      <Filter>Header Files</Filter>
    </ClInclude>
    <ClInclude Include="..\include\sfrt_flat_dir.h">
      <Filter>Header Files</Filter>
    </ClInclude>
    <ClInclude Include="spp_reputation.h">
      <Filter>Header Files</Filter>
    </ClInclude>
  </ItemGroup>
</Project>