<?xml version="1.0" encoding="utf-8"?>
<Project ToolsVersion="4.0" xmlns="http://schemas.microsoft.com/developer/msbuild/2003">
  <ItemGroup>
    <Filter Include="Source Files">
      <UniqueIdentifier>{1f0e26ec-6001-4d7f-90e3-885ab7b3e8e2}</UniqueIdentifier>
      <Extensions>cpp;c;cxx;rc;def;r;odl;idl;hpj;bat</Extensions>
    </Filter>
    <Filter Include="Header Files">
      <UniqueIdentifier>{d4bdbdc1-1538-4124-aa36-969212070abd}</UniqueIdentifier>
      <Extensions>h;hpp;hxx;hm;inl</Extensions>
    </Filter>
    <Filter Include="Resource Files">
      <UniqueIdentifier>{da47d51b-19a4-4202-8529-1c16193019e9}</UniqueIdentifier>
      <Extensions>ico;cur;bmp;dlg;rc2;rct;bin;rgs;gif;jpg;jpeg;jpe</Extensions>
    </Filter>
  </ItemGroup>
  <ItemGroup>
    <ClCompile Include="dnp3_map.c">
      <Filter>Source Files</Filter>
    </ClCompile>
    <ClCompile Include="dnp3_paf.c">
      <Filter>Source Files</Filter>
    </ClCompile>
    <ClCompile Include="dnp3_reassembly.c">
      <Filter>Source Files</Filter>
    </ClCompile>
    <ClCompile Include="dnp3_roptions.c">
      <Filter>Source Files</Filter>
    </ClCompile>
    <ClCompile Include="..\include\mempool.c">
      <Filter>Source Files</Filter>
    </ClCompile>
    <ClCompile Include="..\include\sf_dynamic_preproc_lib.c">
      <Filter>Source Files</Filter>
    </ClCompile>
    <ClCompile Include="..\include\sf_sdlist.c">
      <Filter>Source Files</Filter>
    </ClCompile>
    <ClCompile Include="..\include\sfPolicyUserData.c">
      <Filter>Source Files</Filter>
    </ClCompile>
    <ClCompile Include="spp_dnp3.c">
      <Filter>Source Files</Filter>
    </ClCompile>
    <ClCompile Include="..\include\strtok_r.c">
      <Filter>Source Files</Filter>
    </ClCompile>
  </ItemGroup>
  <ItemGroup>
    <ClInclude Include="dnp3_map.h">
      <Filter>Header Files</Filter>
    </ClInclude>
    <ClInclude Include="dnp3_paf.h">
      <Filter>Header Files</Filter>
    </ClInclude>
    <ClInclude Include="dnp3_reassembly.h">
      <Filter>Header Files</Filter>
    </ClInclude>
    <ClInclude Include="dnp3_roptions.h">
      <Filter>Header Files</Filter>
    </ClInclude>
    <ClInclude Include="..\include\mempool.h">
      <Filter>Header Files</Filter>
    </ClInclude>
    <ClInclude Include="sf_preproc_info.h">
      <Filter>Header Files</Filter>
    </ClInclude>
    <ClInclude Include="..\include\sf_sdlist.h">
      <Filter>Header Files</Filter>
    </ClInclude>
    <ClInclude Include="..\include\sf_sdlist_types.h">
      <Filter>Header Files</Filter>
    </ClInclude>
    <ClInclude Include="spp_dnp3.h">
      <Filter>Header Files</Filter>
    </ClInclude>
  </ItemGroup>
</Project>