<?xml version="1.0" encoding="utf-8"?>
<Project ToolsVersion="4.0" xmlns="http://schemas.microsoft.com/developer/msbuild/2003">
  <ItemGroup>
    <Filter Include="Source Files">
      <UniqueIdentifier>{6e5cc0db-e2c9-4d89-81ca-d0f26515902c}</UniqueIdentifier>
      <Extensions>cpp;c;cxx;rc;def;r;odl;idl;hpj;bat</Extensions>
    </Filter>
    <Filter Include="Header Files">
      <UniqueIdentifier>{b672d36c-1afa-4151-a426-758d962f3cb0}</UniqueIdentifier>
      <Extensions>h;hpp;hxx;hm;inl</Extensions>
    </Filter>
    <Filter Include="Resource Files">
      <UniqueIdentifier>{26805c17-ff2a-4c6a-a491-8607bfc192a5}</UniqueIdentifier>
      <Extensions>ico;cur;bmp;dlg;rc2;rct;bin;rgs;gif;jpg;jpeg;jpe</Extensions>
    </Filter>
  </ItemGroup>
  <ItemGroup>
    <ClCompile Include="..\include\mempool.c">
      <Filter>Source Files</Filter>
    </ClCompile>
    <ClCompile Include="..\include\sf_base64decode.c">
      <Filter>Source Files</Filter>
    </ClCompile>
    <ClCompile Include="..\include\sf_dynamic_preproc_lib.c">
      <Filter>Source Files</Filter>
    </ClCompile>
    <ClCompile Include="..\include\sf_email_attach_decode.c">
      <Filter>Source Files</Filter>
    </ClCompile>
    <ClCompile Include="..\include\sf_sdlist.c">
      <Filter>Source Files</Filter>
    </ClCompile>
    <ClCompile Include="..\include\sfPolicyUserData.c">
      <Filter>Source Files</Filter>
    </ClCompile>
    <ClCompile Include="smtp_config.c">
      <Filter>Source Files</Filter>
    </ClCompile>
    <ClCompile Include="smtp_log.c">
      <Filter>Source Files</Filter>
    </ClCompile>
    <ClCompile Include="smtp_normalize.c">
      <Filter>Source Files</Filter>
    </ClCompile>
    <ClCompile Include="smtp_util.c">
      <Filter>Source Files</Filter>
    </ClCompile>
    <ClCompile Include="smtp_xlink2state.c">
      <Filter>Source Files</Filter>
    </ClCompile>
    <ClCompile Include="snort_smtp.c">
      <Filter>Source Files</Filter>
    </ClCompile>
    <ClCompile Include="spp_smtp.c">
      <Filter>Source Files</Filter>
    </ClCompile>
    <ClCompile Include="..\include\util_unfold.c">
      <Filter>Source Files</Filter>
    </ClCompile>
  </ItemGroup>
  <ItemGroup>
    <ClInclude Include="..\include\mempool.h">
      <Filter>Header Files</Filter>
    </ClInclude>
    <ClInclude Include="..\include\sf_base64decode.h">
      <Filter>Header Files</Filter>
    </ClInclude>
    <ClInclude Include="..\include\sf_email_attach_decode.h">
      <Filter>Header Files</Filter>
    </ClInclude>
    <ClInclude Include="sf_preproc_info.h">
      <Filter>Header Files</Filter>
    </ClInclude>
    <ClInclude Include="..\include\sf_sdlist.h">
      <Filter>Header Files</Filter>
    </ClInclude>
    <ClInclude Include="smtp_config.h">
      <Filter>Header Files</Filter>
    </ClInclude>
    <ClInclude Include="smtp_log.h">
      <Filter>Header Files</Filter>
    </ClInclude>
    <ClInclude Include="smtp_normalize.h">
      <Filter>Header Files</Filter>
    </ClInclude>
    <ClInclude Include="smtp_util.h">
      <Filter>Header Files</Filter>
    </ClInclude>
    <ClInclude Include="smtp_xlink2state.h">
      <Filter>Header Files</Filter>
    </ClInclude>
    <ClInclude Include="snort_smtp.h">
      <Filter>Header Files</Filter>
    </ClInclude>
    <ClInclude Include="spp_smtp.h">
      <Filter>Header Files</Filter>
    </ClInclude>
    <ClInclude Include="..\include\util_unfold.h">
      <Filter>Header Files</Filter>
    </ClInclude>
  </ItemGroup>
</Project>