<?xml version="1.0" encoding="utf-8"?>
<Project ToolsVersion="4.0" xmlns="http://schemas.microsoft.com/developer/msbuild/2003">
  <ItemGroup>
    <Filter Include="Source Files">
      <UniqueIdentifier>{e6093d4c-0062-45f4-a48e-58b21b015652}</UniqueIdentifier>
      <Extensions>cpp;c;cxx;rc;def;r;odl;idl;hpj;bat</Extensions>
    </Filter>
    <Filter Include="Header Files">
      <UniqueIdentifier>{d6b1a8f5-63a0-4ff5-9c01-36f8eaabe91d}</UniqueIdentifier>
      <Extensions>h;hpp;hxx;hm;inl</Extensions>
    </Filter>
    <Filter Include="Resource Files">
      <UniqueIdentifier>{8b8c6416-c5c0-4efd-ba44-759bb48f32e4}</UniqueIdentifier>
      <Extensions>ico;cur;bmp;dlg;rc2;rct;bin;rgs;gif;jpg;jpeg;jpe</Extensions>
    </Filter>
  </ItemGroup>
  <ItemGroup>
    <ClCompile Include="ftp_bounce_lookup.c">
      <Filter>Source Files</Filter>
    </ClCompile>
    <ClCompile Include="ftp_cmd_lookup.c">
      <Filter>Source Files</Filter>
    </ClCompile>
    <ClCompile Include="ftpp_eo_log.c">
      <Filter>Source Files</Filter>
    </ClCompile>
    <ClCompile Include="ftpp_si.c">
      <Filter>Source Files</Filter>
    </ClCompile>
    <ClCompile Include="ftpp_ui_client_lookup.c">
      <Filter>Source Files</Filter>
    </ClCompile>
    <ClCompile Include="ftpp_ui_config.c">
      <Filter>Source Files</Filter>
    </ClCompile>
    <ClCompile Include="ftpp_ui_server_lookup.c">
      <Filter>Source Files</Filter>
    </ClCompile>
    <ClCompile Include="hi_util_kmap.c">
      <Filter>Source Files</Filter>
    </ClCompile>
    <ClCompile Include="hi_util_xmalloc.c">
      <Filter>Source Files</Filter>
    </ClCompile>
    <ClCompile Include="..\include\inet_aton.c">
      <Filter>Source Files</Filter>
    </ClCompile>
    <ClCompile Include="..\include\inet_pton.c">
      <Filter>Source Files</Filter>
    </ClCompile>
    <ClCompile Include="pp_ftp.c">
      <Filter>Source Files</Filter>
    </ClCompile>
    <ClCompile Include="pp_telnet.c">
      <Filter>Source Files</Filter>
    </ClCompile>
    <ClCompile Include="..\include\sf_dynamic_preproc_lib.c">
      <Filter>Source Files</Filter>
    </ClCompile>
    <ClCompile Include="..\include\sf_ip.c">
      <Filter>Source Files</Filter>
    </ClCompile>
    <ClCompile Include="..\include\sfPolicyUserData.c">
      <Filter>Source Files</Filter>
    </ClCompile>
    <ClCompile Include="..\include\sfrt.c">
      <Filter>Source Files</Filter>
    </ClCompile>
    <ClCompile Include="..\include\sfrt_dir.c">
      <Filter>Source Files</Filter>
    </ClCompile>
    <ClCompile Include="snort_ftptelnet.c">
      <Filter>Source Files</Filter>
    </ClCompile>
    <ClCompile Include="spp_ftptelnet.c">
      <Filter>Source Files</Filter>
    </ClCompile>
    <ClCompile Include="..\include\strtok_r.c">
      <Filter>Source Files</Filter>
    </ClCompile>
  </ItemGroup>
  <ItemGroup>
    <ClInclude Include="ftp_bounce_lookup.h">
      <Filter>Header Files</Filter>
    </ClInclude>
    <ClInclude Include="ftp_client.h">
      <Filter>Header Files</Filter>
    </ClInclude>
    <ClInclude Include="ftp_cmd_lookup.h">
      <Filter>Header Files</Filter>
    </ClInclude>
    <ClInclude Include="ftp_server.h">
      <Filter>Header Files</Filter>
    </ClInclude>
    <ClInclude Include="ftpp_eo.h">
      <Filter>Header Files</Filter>
    </ClInclude>
    <ClInclude Include="ftpp_eo_events.h">
      <Filter>Header Files</Filter>
    </ClInclude>
    <ClInclude Include="ftpp_eo_log.h">
      <Filter>Header Files</Filter>
    </ClInclude>
    <ClInclude Include="ftpp_include.h">
      <Filter>Header Files</Filter>
    </ClInclude>
    <ClInclude Include="ftpp_return_codes.h">
      <Filter>Header Files</Filter>
    </ClInclude>
    <ClInclude Include="ftpp_si.h">
      <Filter>Header Files</Filter>
    </ClInclude>
    <ClInclude Include="ftpp_ui_client_lookup.h">
      <Filter>Header Files</Filter>
    </ClInclude>
    <ClInclude Include="ftpp_ui_config.h">
      <Filter>Header Files</Filter>
    </ClInclude>
    <ClInclude Include="ftpp_ui_server_lookup.h">
      <Filter>Header Files</Filter>
    </ClInclude>
    <ClInclude Include="ftpp_util_kmap.h">
      <Filter>Header Files</Filter>
    </ClInclude>
    <ClInclude Include="hi_util_kmap.h">
      <Filter>Header Files</Filter>
    </ClInclude>
    <ClInclude Include="hi_util_xmalloc.h">
      <Filter>Header Files</Filter>
    </ClInclude>
    <ClInclude Include="pp_ftp.h">
      <Filter>Header Files</Filter>
    </ClInclude>
    <ClInclude Include="pp_telnet.h">
      <Filter>Header Files</Filter>
    </ClInclude>
    <ClInclude Include="sf_preproc_info.h">
      <Filter>Header Files</Filter>
    </ClInclude>
    <ClInclude Include="snort_ftptelnet.h">
      <Filter>Header Files</Filter>
    </ClInclude>
    <ClInclude Include="spp_ftptelnet.h">
      <Filter>Header Files</Filter>
    </ClInclude>
  </ItemGroup>
</Project>