<?xml version="1.0" encoding="utf-8"?>
<Project ToolsVersion="4.0" xmlns="http://schemas.microsoft.com/developer/msbuild/2003">
  <ItemGroup>
    <Filter Include="Source Files">
      <UniqueIdentifier>{12e39cb3-27ff-44cf-9d7f-7b800ae0e68e}</UniqueIdentifier>
      <Extensions>cpp;c;cxx;rc;def;r;odl;idl;hpj;bat</Extensions>
    </Filter>
    <Filter Include="Header Files">
      <UniqueIdentifier>{66a86a92-6d99-4447-bfdf-fead96e94dbf}</UniqueIdentifier>
      <Extensions>h;hpp;hxx;hm;inl</Extensions>
    </Filter>
    <Filter Include="Resource Files">
      <UniqueIdentifier>{21eceb4f-9723-420b-be8b-2791e23ff321}</UniqueIdentifier>
      <Extensions>ico;cur;bmp;dlg;rc2;rct;bin;rgs;gif;jpg;jpeg;jpe</Extensions>
    </Filter>
  </ItemGroup>
  <ItemGroup>
    <ClCompile Include="..\..\dynamic-plugins\sf_engine\bmh.c">
      <Filter>Source Files</Filter>
    </ClCompile>
    <ClCompile Include="..\..\dynamic-plugins\sf_engine\sf_decompression.c">
      <Filter>Source Files</Filter>
    </ClCompile>
    <ClCompile Include="..\..\dynamic-plugins\sf_engine\sf_snort_detection_engine.c">
      <Filter>Source Files</Filter>
    </ClCompile>
    <ClCompile Include="..\..\dynamic-plugins\sf_engine\sf_snort_plugin_api.c">
      <Filter>Source Files</Filter>
    </ClCompile>
    <ClCompile Include="..\..\dynamic-plugins\sf_engine\sf_snort_plugin_byte.c">
      <Filter>Source Files</Filter>
    </ClCompile>
    <ClCompile Include="..\..\dynamic-plugins\sf_engine\sf_snort_plugin_content.c">
      <Filter>Source Files</Filter>
    </ClCompile>
    <ClCompile Include="..\..\dynamic-plugins\sf_engine\sf_snort_plugin_hdropts.c">
      <Filter>Source Files</Filter>
    </ClCompile>
    <ClCompile Include="..\..\dynamic-plugins\sf_engine\sf_snort_plugin_loop.c">
      <Filter>Source Files</Filter>
    </ClCompile>
    <ClCompile Include="..\..\dynamic-plugins\sf_engine\sf_snort_plugin_pcre.c">
      <Filter>Source Files</Filter>
    </ClCompile>
    <ClCompile Include="..\..\dynamic-plugins\sf_engine\sf_snort_plugin_rc4.c">
      <Filter>Source Files</Filter>
    </ClCompile>
    <ClCompile Include="..\..\dynamic-plugins\sf_engine\sfghash.c">
      <Filter>Source Files</Filter>
    </ClCompile>
    <ClCompile Include="..\..\dynamic-plugins\sf_engine\sfhashfcn.c">
      <Filter>Source Files</Filter>
    </ClCompile>
    <ClCompile Include="..\..\dynamic-plugins\sf_engine\sfprimetable.c">
      <Filter>Source Files</Filter>
    </ClCompile>
  </ItemGroup>
  <ItemGroup>
    <ClInclude Include="..\..\dynamic-plugins\sf_engine\bmh.h">
      <Filter>Header Files</Filter>
    </ClInclude>
    <ClInclude Include="..\..\dynamic-plugins\sf_engine\debug.h">
      <Filter>Header Files</Filter>
    </ClInclude>
    <ClInclude Include="..\..\dynamic-plugins\sf_engine\ipv6_port.h">
      <Filter>Header Files</Filter>
    </ClInclude>
    <ClInclude Include="..\..\dynamic-plugins\sf_engine\sf_decompression.h">
      <Filter>Header Files</Filter>
    </ClInclude>
    <ClInclude Include="..\..\dynamic-plugins\sf_engine\sf_ip.h">
      <Filter>Header Files</Filter>
    </ClInclude>
    <ClInclude Include="..\..\dynamic-plugins\sf_engine\sf_snort_detection_engine.h">
      <Filter>Header Files</Filter>
    </ClInclude>
    <ClInclude Include="..\..\dynamic-plugins\sf_engine\sf_snort_packet.h">
      <Filter>Header Files</Filter>
    </ClInclude>
    <ClInclude Include="..\..\dynamic-plugins\sf_engine\sf_snort_plugin_api.h">
      <Filter>Header Files</Filter>
    </ClInclude>
    <ClInclude Include="..\..\dynamic-plugins\sf_engine\sfghash.h">
      <Filter>Header Files</Filter>
    </ClInclude>
    <ClInclude Include="..\..\dynamic-plugins\sf_engine\sfhashfcn.h">
      <Filter>Header Files</Filter>
    </ClInclude>
    <ClInclude Include="..\..\dynamic-plugins\sf_engine\sfprimetable.h">
      <Filter>Header Files</Filter>
    </ClInclude>
  </ItemGroup>
</Project>