<?xml version="1.0" encoding="utf-8"?>
<Project ToolsVersion="4.0" xmlns="http://schemas.microsoft.com/developer/msbuild/2003">
  <ItemGroup>
    <Filter Include="Source Files">
      <UniqueIdentifier>{581be84f-d006-4a55-9354-471bac1b3972}</UniqueIdentifier>
      <Extensions>cpp;c;cxx;rc;def;r;odl;idl;hpj;bat</Extensions>
    </Filter>
    <Filter Include="Header Files">
      <UniqueIdentifier>{ea378801-3ed2-4bc7-99d4-178fe7a694e1}</UniqueIdentifier>
      <Extensions>h;hpp;hxx;hm;inl</Extensions>
    </Filter>
    <Filter Include="Resource Files">
      <UniqueIdentifier>{550481a3-f08b-4b7b-9cfb-b632f0e2dbee}</UniqueIdentifier>
      <Extensions>ico;cur;bmp;dlg;rc2;rct;bin;rgs;gif;jpg;jpeg;jpe</Extensions>
    </Filter>
  </ItemGroup>
  <ItemGroup>
    <ClCompile Include="gtp_config.c">
      <Filter>Source Files</Filter>
    </ClCompile>
    <ClCompile Include="gtp_parser.c">
      <Filter>Source Files</Filter>
    </ClCompile>
    <ClCompile Include="gtp_roptions.c">
      <Filter>Source Files</Filter>
    </ClCompile>
    <ClCompile Include="..\include\inet_aton.c">
      <Filter>Source Files</Filter>
    </ClCompile>
    <ClCompile Include="..\include\inet_pton.c">
      <Filter>Source Files</Filter>
    </ClCompile>
    <ClCompile Include="..\include\sf_dynamic_preproc_lib.c">
      <Filter>Source Files</Filter>
    </ClCompile>
    <ClCompile Include="..\include\sf_ip.c">
      <Filter>Source Files</Filter>
    </ClCompile>
    <ClCompile Include="..\include\sfPolicyUserData.c">
      <Filter>Source Files</Filter>
    </ClCompile>
    <ClCompile Include="spp_gtp.c">
      <Filter>Source Files</Filter>
    </ClCompile>
    <ClCompile Include="..\include\strtok_r.c">
      <Filter>Source Files</Filter>
    </ClCompile>
  </ItemGroup>
  <ItemGroup>
    <ClInclude Include="gtp_config.h">
      <Filter>Header Files</Filter>
    </ClInclude>
    <ClInclude Include="gtp_debug.h">
      <Filter>Header Files</Filter>
    </ClInclude>
    <ClInclude Include="gtp_parser.h">
      <Filter>Header Files</Filter>
    </ClInclude>
    <ClInclude Include="gtp_roptions.h">
      <Filter>Header Files</Filter>
    </ClInclude>
    <ClInclude Include="sf_preproc_info.h">
      <Filter>Header Files</Filter>
    </ClInclude>
    <ClInclude Include="spp_gtp.h">
      <Filter>Header Files</Filter>
    </ClInclude>
  </ItemGroup>
</Project>